{
  "meteor": {},
  "dependencies": {
    "basePackages": {
      "kinetic.js": {},
      "iron-router": {},
      "bootstrap-3": {},
      "loadpicker": {},
      "accounts-ui-bootstrap-3-blaze": {},
      "kinetic.js.server": {
        "path": "../kinetic.js.server"
      }
    },
    "packages": {
      "kinetic.js": {
        "git": "https://github.com/brentjanderson/meteor-kinetic.git",
        "tag": "v5.0.1",
        "commit": "3c29f5bcbcdc9687081b336e59e8387dc02236a5"
      },
      "iron-router": {
        "git": "https://github.com/EventedMind/iron-router.git",
        "tag": "v0.7.0",
        "commit": "05f34bc48c4cad9fdaa366c1ddcabe6980232ece"
      },
      "bootstrap-3": {
        "git": "https://github.com/mangasocial/meteor-bootstrap-3.git",
        "tag": "v3.1.1-1",
        "commit": "63dd38968828bb8963636df93e9a1c45e2dfe67e"
      },
      "loadpicker": {
        "git": "https://github.com/guido4000/loadpicker.git",
        "tag": "v1.0.0",
        "commit": "9f8aa83427b21e2d6279db3f018900bf09560352"
      },
      "accounts-ui-bootstrap-3-blaze": {
        "git": "https://github.com/rajit/meteor-accounts-ui-bootstrap-3.git",
        "tag": "v0.3.0",
        "commit": "b06c39aa4520c4ad022d2610f40ff47148415cab"
      },
      "kinetic.js.server": {
        "path": "../kinetic.js.server"
      },
      "blaze-layout": {
        "git": "https://github.com/EventedMind/blaze-layout.git",
        "tag": "v0.2.2",
        "commit": "8bc53798fe5965669ae67c72f91829fcfdceabfd"
      }
    }
  }
}
